
Microsoft Visual Studio Solution File, Format Version 12.00
# Visual Studio Version 17
VisualStudioVersion = 17.6.33723.286
MinimumVisualStudioVersion = 10.0.40219.1
Project("{FAE04EC0-301F-11D3-BF4B-00C04F79EFBC}") = "Employee_Dept_CRUD", "Employee_Dept_CRUD\Employee_Dept_CRUD.csproj", "{A168A6B5-6AE7-436F-819E-E278FCA4EFEB}"
EndProject
Global
	GlobalSection(SolutionConfigurationPlatforms) = preSolution
		Debug|Any CPU = Debug|Any CPU
		Release|Any CPU = Release|Any CPU
	EndGlobalSection
	GlobalSection(ProjectConfigurationPlatforms) = postSolution
		{A168A6B5-6AE7-436F-819E-E278FCA4EFEB}.Debug|Any CPU.ActiveCfg = Debug|Any CPU
		{A168A6B5-6AE7-436F-819E-E278FCA4EFEB}.Debug|Any CPU.Build.0 = Debug|Any CPU
		{A168A6B5-6AE7-436F-819E-E278FCA4EFEB}.Release|Any CPU.ActiveCfg = Release|Any CPU
		{A168A6B5-6AE7-436F-819E-E278FCA4EFEB}.Release|Any CPU.Build.0 = Release|Any CPU
	EndGlobalSection
	GlobalSection(SolutionProperties) = preSolution
		HideSolutionNode = FALSE
	EndGlobalSection
	GlobalSection(ExtensibilityGlobals) = postSolution
		SolutionGuid = {1622B534-9ECF-476D-8A9E-9543CDE99018}
	EndGlobalSection
EndGlobal
